
Microsoft Visual Studio Solution File, Format Version 12.00
# Visual Studio Version 17
VisualStudioVersion = 17.11.35222.181
MinimumVisualStudioVersion = 10.0.40219.1
Project("{FAE04EC0-301F-11D3-BF4B-00C04F79EFBC}") = "MinesweeprGame", "MinesweeprGame.csproj", "{7948F096-5A65-4A05-828C-FFB45E6D3823}"
EndProject
Global
	GlobalSection(SolutionConfigurationPlatforms) = preSolution
		Debug|Any CPU = Debug|Any CPU
		Release|Any CPU = Release|Any CPU
	EndGlobalSection
	GlobalSection(ProjectConfigurationPlatforms) = postSolution
		{7948F096-5A65-4A05-828C-FFB45E6D3823}.Debug|Any CPU.ActiveCfg = Debug|Any CPU
		{7948F096-5A65-4A05-828C-FFB45E6D3823}.Debug|Any CPU.Build.0 = Debug|Any CPU
		{7948F096-5A65-4A05-828C-FFB45E6D3823}.Release|Any CPU.ActiveCfg = Release|Any CPU
		{7948F096-5A65-4A05-828C-FFB45E6D3823}.Release|Any CPU.Build.0 = Release|Any CPU
	EndGlobalSection
	GlobalSection(SolutionProperties) = preSolution
		HideSolutionNode = FALSE
	EndGlobalSection
	GlobalSection(ExtensibilityGlobals) = postSolution
		SolutionGuid = {F0D57C34-E1F2-4900-94DE-FC9ADC144984}
	EndGlobalSection
EndGlobal
